
Microsoft Visual Studio Solution File, Format Version 12.00
# Visual Studio Version 16
VisualStudioVersion = 16.0.30114.105
MinimumVisualStudioVersion = 10.0.40219.1
Project("{9A19103F-16F7-4668-BE54-9A1E7A4F7556}") = "Battleship.App", "src\Battleship.App\Battleship.App.csproj", "{372B0121-FB71-4181-BAEC-DAD10698BD2D}"
EndProject
Project("{9A19103F-16F7-4668-BE54-9A1E7A4F7556}") = "Battleship.Core", "src\Battleship.Core\Battleship.Core.csproj", "{A7BF9887-CB86-4398-9962-23C9BD970664}"
EndProject
Project("{FAE04EC0-301F-11D3-BF4B-00C04F79EFBC}") = "Battleship.Tests", "tests\Battleship.Tests\Battleship.Tests.csproj", "{B7FDB665-B44E-44EF-8CAA-4184DC481749}"
EndProject
Global
	GlobalSection(SolutionConfigurationPlatforms) = preSolution
		Debug|Any CPU = Debug|Any CPU
		Debug|x64 = Debug|x64
		Debug|x86 = Debug|x86
		Release|Any CPU = Release|Any CPU
		Release|x64 = Release|x64
		Release|x86 = Release|x86
	EndGlobalSection
	GlobalSection(ProjectConfigurationPlatforms) = postSolution
		{372B0121-FB71-4181-BAEC-DAD10698BD2D}.Debug|Any CPU.ActiveCfg = Debug|Any CPU
		{372B0121-FB71-4181-BAEC-DAD10698BD2D}.Debug|Any CPU.Build.0 = Debug|Any CPU
		{372B0121-FB71-4181-BAEC-DAD10698BD2D}.Debug|x64.ActiveCfg = Debug|Any CPU
		{372B0121-FB71-4181-BAEC-DAD10698BD2D}.Debug|x64.Build.0 = Debug|Any CPU
		{372B0121-FB71-4181-BAEC-DAD10698BD2D}.Debug|x86.ActiveCfg = Debug|Any CPU
		{372B0121-FB71-4181-BAEC-DAD10698BD2D}.Debug|x86.Build.0 = Debug|Any CPU
		{372B0121-FB71-4181-BAEC-DAD10698BD2D}.Release|Any CPU.ActiveCfg = Release|Any CPU
		{372B0121-FB71-4181-BAEC-DAD10698BD2D}.Release|Any CPU.Build.0 = Release|Any CPU
		{372B0121-FB71-4181-BAEC-DAD10698BD2D}.Release|x64.ActiveCfg = Release|Any CPU
		{372B0121-FB71-4181-BAEC-DAD10698BD2D}.Release|x64.Build.0 = Release|Any CPU
		{372B0121-FB71-4181-BAEC-DAD10698BD2D}.Release|x86.ActiveCfg = Release|Any CPU
		{372B0121-FB71-4181-BAEC-DAD10698BD2D}.Release|x86.Build.0 = Release|Any CPU
		{A7BF9887-CB86-4398-9962-23C9BD970664}.Debug|Any CPU.ActiveCfg = Debug|Any CPU
		{A7BF9887-CB86-4398-9962-23C9BD970664}.Debug|Any CPU.Build.0 = Debug|Any CPU
		{A7BF9887-CB86-4398-9962-23C9BD970664}.Debug|x64.ActiveCfg = Debug|Any CPU
		{A7BF9887-CB86-4398-9962-23C9BD970664}.Debug|x64.Build.0 = Debug|Any CPU
		{A7BF9887-CB86-4398-9962-23C9BD970664}.Debug|x86.ActiveCfg = Debug|Any CPU
		{A7BF9887-CB86-4398-9962-23C9BD970664}.Debug|x86.Build.0 = Debug|Any CPU
		{A7BF9887-CB86-4398-9962-23C9BD970664}.Release|Any CPU.ActiveCfg = Release|Any CPU
		{A7BF9887-CB86-4398-9962-23C9BD970664}.Release|Any CPU.Build.0 = Release|Any CPU
		{A7BF9887-CB86-4398-9962-23C9BD970664}.Release|x64.ActiveCfg = Release|Any CPU
		{A7BF9887-CB86-4398-9962-23C9BD970664}.Release|x64.Build.0 = Release|Any CPU
		{A7BF9887-CB86-4398-9962-23C9BD970664}.Release|x86.ActiveCfg = Release|Any CPU
		{A7BF9887-CB86-4398-9962-23C9BD970664}.Release|x86.Build.0 = Release|Any CPU
		{B7FDB665-B44E-44EF-8CAA-4184DC481749}.Debug|Any CPU.ActiveCfg = Debug|Any CPU
		{B7FDB665-B44E-44EF-8CAA-4184DC481749}.Debug|Any CPU.Build.0 = Debug|Any CPU
		{B7FDB665-B44E-44EF-8CAA-4184DC481749}.Debug|x64.ActiveCfg = Debug|Any CPU
		{B7FDB665-B44E-44EF-8CAA-4184DC481749}.Debug|x64.Build.0 = Debug|Any CPU
		{B7FDB665-B44E-44EF-8CAA-4184DC481749}.Debug|x86.ActiveCfg = Debug|Any CPU
		{B7FDB665-B44E-44EF-8CAA-4184DC481749}.Debug|x86.Build.0 = Debug|Any CPU
		{B7FDB665-B44E-44EF-8CAA-4184DC481749}.Release|Any CPU.ActiveCfg = Release|Any CPU
		{B7FDB665-B44E-44EF-8CAA-4184DC481749}.Release|Any CPU.Build.0 = Release|Any CPU
		{B7FDB665-B44E-44EF-8CAA-4184DC481749}.Release|x64.ActiveCfg = Release|Any CPU
		{B7FDB665-B44E-44EF-8CAA-4184DC481749}.Release|x64.Build.0 = Release|Any CPU
		{B7FDB665-B44E-44EF-8CAA-4184DC481749}.Release|x86.ActiveCfg = Release|Any CPU
		{B7FDB665-B44E-44EF-8CAA-4184DC481749}.Release|x86.Build.0 = Release|Any CPU
	EndGlobalSection
	GlobalSection(SolutionProperties) = preSolution
		HideSolutionNode = FALSE
	EndGlobalSection
	GlobalSection(ExtensibilityGlobals) = postSolution
		SolutionGuid = {9B50D44F-AE60-4501-AE67-01835578E16F}
	EndGlobalSection
EndGlobal
